
Microsoft Visual Studio Solution File, Format Version 12.00
# Visual Studio 2012
Project("{FAE04EC0-301F-11D3-BF4B-00C04F79EFBC}") = "GameCaro_CT3", "GameCaro_CT3\GameCaro_CT3.csproj", "{01D81A1F-802B-44A1-B936-80908060F536}"
EndProject
Global
	GlobalSection(SolutionConfigurationPlatforms) = preSolution
		Debug|Any CPU = Debug|Any CPU
		Release|Any CPU = Release|Any CPU
	EndGlobalSection
	GlobalSection(ProjectConfigurationPlatforms) = postSolution
		{01D81A1F-802B-44A1-B936-80908060F536}.Debug|Any CPU.ActiveCfg = Debug|Any CPU
		{01D81A1F-802B-44A1-B936-80908060F536}.Debug|Any CPU.Build.0 = Debug|Any CPU
		{01D81A1F-802B-44A1-B936-80908060F536}.Release|Any CPU.ActiveCfg = Release|Any CPU
		{01D81A1F-802B-44A1-B936-80908060F536}.Release|Any CPU.Build.0 = Release|Any CPU
	EndGlobalSection
	GlobalSection(SolutionProperties) = preSolution
		HideSolutionNode = FALSE
	EndGlobalSection
EndGlobal
